
Microsoft Visual Studio Solution File, Format Version 12.00
# Visual Studio Version 17
VisualStudioVersion = 17.5.002.0
MinimumVisualStudioVersion = 10.0.40219.1
Project("{9A19103F-16F7-4668-BE54-9A1E7A4F7556}") = "DesafioFundamentos", "DesafioFundamentos\DesafioFundamentos.csproj", "{899F11A7-1745-4CF2-B187-297854890D74}"
EndProject
Global
	GlobalSection(SolutionConfigurationPlatforms) = preSolution
		Debug|Any CPU = Debug|Any CPU
		Release|Any CPU = Release|Any CPU
	EndGlobalSection
	GlobalSection(ProjectConfigurationPlatforms) = postSolution
		{899F11A7-1745-4CF2-B187-297854890D74}.Debug|Any CPU.ActiveCfg = Debug|Any CPU
		{899F11A7-1745-4CF2-B187-297854890D74}.Debug|Any CPU.Build.0 = Debug|Any CPU
		{899F11A7-1745-4CF2-B187-297854890D74}.Release|Any CPU.ActiveCfg = Release|Any CPU
		{899F11A7-1745-4CF2-B187-297854890D74}.Release|Any CPU.Build.0 = Release|Any CPU
	EndGlobalSection
	GlobalSection(SolutionProperties) = preSolution
		HideSolutionNode = FALSE
	EndGlobalSection
	GlobalSection(ExtensibilityGlobals) = postSolution
		SolutionGuid = {F3108425-F2EE-46A6-A1D5-FD4AFE808989}
	EndGlobalSection
EndGlobal
